
Microsoft Visual Studio Solution File, Format Version 12.00
# Visual Studio Version 17
VisualStudioVersion = 17.13.35931.197
MinimumVisualStudioVersion = 10.0.40219.1
Project("{8BC9CEB8-8B4A-11D0-8D11-00A0C91BC942}") = "2025_PG3", "2025_PG3\2025_PG3.vcxproj", "{7FD66234-C123-4E60-9A07-5C2E129E28DC}"
EndProject
Project("{8BC9CEB8-8B4A-11D0-8D11-00A0C91BC942}") = "00_01", "00_01\00_01.vcxproj", "{726DE150-BEB0-41F6-A2E0-C24CC601C766}"
EndProject
Project("{2150E333-8FDC-42A3-9474-1A3956D46DE8}") = "ソリューション項目", "ソリューション項目", "{2022CB0F-8BAF-F49E-0C48-8EF4C96EC109}"
	ProjectSection(SolutionItems) = preProject
		.editorconfig = .editorconfig
	EndProjectSection
EndProject
Project("{8BC9CEB8-8B4A-11D0-8D11-00A0C91BC942}") = "01_01", "01_01\01_01.vcxproj", "{A5C1EDCD-5DF8-42F1-8CB9-59D655BC0161}"
EndProject
Project("{8BC9CEB8-8B4A-11D0-8D11-00A0C91BC942}") = "01_02", "01_02\01_02.vcxproj", "{954CBA8A-0344-4726-9841-DC95DCD250CE}"
EndProject
Project("{8BC9CEB8-8B4A-11D0-8D11-00A0C91BC942}") = "02_01", "02_01\02_01.vcxproj", "{87681CA1-739E-44B0-9220-85B529F465A9}"
EndProject
Project("{8BC9CEB8-8B4A-11D0-8D11-00A0C91BC942}") = "02_02", "02_02\02_02.vcxproj", "{3B4E76F4-AC1F-41B4-9C66-B4C23F2C82AA}"
EndProject
Global
	GlobalSection(SolutionConfigurationPlatforms) = preSolution
		Debug|x64 = Debug|x64
		Debug|x86 = Debug|x86
		Release|x64 = Release|x64
		Release|x86 = Release|x86
	EndGlobalSection
	GlobalSection(ProjectConfigurationPlatforms) = postSolution
		{7FD66234-C123-4E60-9A07-5C2E129E28DC}.Debug|x64.ActiveCfg = Debug|x64
		{7FD66234-C123-4E60-9A07-5C2E129E28DC}.Debug|x64.Build.0 = Debug|x64
		{7FD66234-C123-4E60-9A07-5C2E129E28DC}.Debug|x86.ActiveCfg = Debug|Win32
		{7FD66234-C123-4E60-9A07-5C2E129E28DC}.Debug|x86.Build.0 = Debug|Win32
		{7FD66234-C123-4E60-9A07-5C2E129E28DC}.Release|x64.ActiveCfg = Release|x64
		{7FD66234-C123-4E60-9A07-5C2E129E28DC}.Release|x64.Build.0 = Release|x64
		{7FD66234-C123-4E60-9A07-5C2E129E28DC}.Release|x86.ActiveCfg = Release|Win32
		{7FD66234-C123-4E60-9A07-5C2E129E28DC}.Release|x86.Build.0 = Release|Win32
		{726DE150-BEB0-41F6-A2E0-C24CC601C766}.Debug|x64.ActiveCfg = Debug|x64
		{726DE150-BEB0-41F6-A2E0-C24CC601C766}.Debug|x64.Build.0 = Debug|x64
		{726DE150-BEB0-41F6-A2E0-C24CC601C766}.Debug|x86.ActiveCfg = Debug|Win32
		{726DE150-BEB0-41F6-A2E0-C24CC601C766}.Debug|x86.Build.0 = Debug|Win32
		{726DE150-BEB0-41F6-A2E0-C24CC601C766}.Release|x64.ActiveCfg = Release|x64
		{726DE150-BEB0-41F6-A2E0-C24CC601C766}.Release|x64.Build.0 = Release|x64
		{726DE150-BEB0-41F6-A2E0-C24CC601C766}.Release|x86.ActiveCfg = Release|Win32
		{726DE150-BEB0-41F6-A2E0-C24CC601C766}.Release|x86.Build.0 = Release|Win32
		{A5C1EDCD-5DF8-42F1-8CB9-59D655BC0161}.Debug|x64.ActiveCfg = Debug|x64
		{A5C1EDCD-5DF8-42F1-8CB9-59D655BC0161}.Debug|x64.Build.0 = Debug|x64
		{A5C1EDCD-5DF8-42F1-8CB9-59D655BC0161}.Debug|x86.ActiveCfg = Debug|Win32
		{A5C1EDCD-5DF8-42F1-8CB9-59D655BC0161}.Debug|x86.Build.0 = Debug|Win32
		{A5C1EDCD-5DF8-42F1-8CB9-59D655BC0161}.Release|x64.ActiveCfg = Release|x64
		{A5C1EDCD-5DF8-42F1-8CB9-59D655BC0161}.Release|x64.Build.0 = Release|x64
		{A5C1EDCD-5DF8-42F1-8CB9-59D655BC0161}.Release|x86.ActiveCfg = Release|Win32
		{A5C1EDCD-5DF8-42F1-8CB9-59D655BC0161}.Release|x86.Build.0 = Release|Win32
		{954CBA8A-0344-4726-9841-DC95DCD250CE}.Debug|x64.ActiveCfg = Debug|x64
		{954CBA8A-0344-4726-9841-DC95DCD250CE}.Debug|x64.Build.0 = Debug|x64
		{954CBA8A-0344-4726-9841-DC95DCD250CE}.Debug|x86.ActiveCfg = Debug|Win32
		{954CBA8A-0344-4726-9841-DC95DCD250CE}.Debug|x86.Build.0 = Debug|Win32
		{954CBA8A-0344-4726-9841-DC95DCD250CE}.Release|x64.ActiveCfg = Release|x64
		{954CBA8A-0344-4726-9841-DC95DCD250CE}.Release|x64.Build.0 = Release|x64
		{954CBA8A-0344-4726-9841-DC95DCD250CE}.Release|x86.ActiveCfg = Release|Win32
		{954CBA8A-0344-4726-9841-DC95DCD250CE}.Release|x86.Build.0 = Release|Win32
		{87681CA1-739E-44B0-9220-85B529F465A9}.Debug|x64.ActiveCfg = Debug|x64
		{87681CA1-739E-44B0-9220-85B529F465A9}.Debug|x64.Build.0 = Debug|x64
		{87681CA1-739E-44B0-9220-85B529F465A9}.Debug|x86.ActiveCfg = Debug|Win32
		{87681CA1-739E-44B0-9220-85B529F465A9}.Debug|x86.Build.0 = Debug|Win32
		{87681CA1-739E-44B0-9220-85B529F465A9}.Release|x64.ActiveCfg = Release|x64
		{87681CA1-739E-44B0-9220-85B529F465A9}.Release|x64.Build.0 = Release|x64
		{87681CA1-739E-44B0-9220-85B529F465A9}.Release|x86.ActiveCfg = Release|Win32
		{87681CA1-739E-44B0-9220-85B529F465A9}.Release|x86.Build.0 = Release|Win32
		{3B4E76F4-AC1F-41B4-9C66-B4C23F2C82AA}.Debug|x64.ActiveCfg = Debug|x64
		{3B4E76F4-AC1F-41B4-9C66-B4C23F2C82AA}.Debug|x64.Build.0 = Debug|x64
		{3B4E76F4-AC1F-41B4-9C66-B4C23F2C82AA}.Debug|x86.ActiveCfg = Debug|Win32
		{3B4E76F4-AC1F-41B4-9C66-B4C23F2C82AA}.Debug|x86.Build.0 = Debug|Win32
		{3B4E76F4-AC1F-41B4-9C66-B4C23F2C82AA}.Release|x64.ActiveCfg = Release|x64
		{3B4E76F4-AC1F-41B4-9C66-B4C23F2C82AA}.Release|x64.Build.0 = Release|x64
		{3B4E76F4-AC1F-41B4-9C66-B4C23F2C82AA}.Release|x86.ActiveCfg = Release|Win32
		{3B4E76F4-AC1F-41B4-9C66-B4C23F2C82AA}.Release|x86.Build.0 = Release|Win32
	EndGlobalSection
	GlobalSection(SolutionProperties) = preSolution
		HideSolutionNode = FALSE
	EndGlobalSection
	GlobalSection(ExtensibilityGlobals) = postSolution
		SolutionGuid = {B4D7701B-CCE4-47A7-8A0A-2CF05CE2C26B}
	EndGlobalSection
EndGlobal
